
Microsoft Visual Studio Solution File, Format Version 12.00
# Visual Studio 15
VisualStudioVersion = 15.0.27703.2018
MinimumVisualStudioVersion = 10.0.40219.1
Project("{FAE04EC0-301F-11D3-BF4B-00C04F79EFBC}") = "6.14.18", "6.14.18\6.14.18.csproj", "{8284FA29-FC04-4B0A-AF74-BA54E104D811}"
EndProject
Global
	GlobalSection(SolutionConfigurationPlatforms) = preSolution
		Debug|Any CPU = Debug|Any CPU
		Release|Any CPU = Release|Any CPU
	EndGlobalSection
	GlobalSection(ProjectConfigurationPlatforms) = postSolution
		{8284FA29-FC04-4B0A-AF74-BA54E104D811}.Debug|Any CPU.ActiveCfg = Debug|Any CPU
		{8284FA29-FC04-4B0A-AF74-BA54E104D811}.Debug|Any CPU.Build.0 = Debug|Any CPU
		{8284FA29-FC04-4B0A-AF74-BA54E104D811}.Release|Any CPU.ActiveCfg = Release|Any CPU
		{8284FA29-FC04-4B0A-AF74-BA54E104D811}.Release|Any CPU.Build.0 = Release|Any CPU
	EndGlobalSection
	GlobalSection(SolutionProperties) = preSolution
		HideSolutionNode = FALSE
	EndGlobalSection
	GlobalSection(ExtensibilityGlobals) = postSolution
		SolutionGuid = {18E7112C-FF3F-474A-8E73-31C4B17FA83E}
	EndGlobalSection
EndGlobal
